// !$*UTF8*$!
{
	archiveVersion = 1;
	classes = {
	};
	objectVersion = 46;
	objects = {

/* Begin PBXBuildFile section */
		2B4B84931B9AA8E20099FDDA /* UIButton+Badge.m in Sources */ = {isa = PBXBuildFile; fileRef = 2B4B84921B9AA8E20099FDDA /* UIButton+Badge.m */; };
		2B6606621B9A99F300D87BD9 /* DetailsInfo.m in Sources */ = {isa = PBXBuildFile; fileRef = 2B6606611B9A99F300D87BD9 /* DetailsInfo.m */; };
		2B66A64F1B997797002A5AA5 /* libMBProgressHUD.a in Frameworks */ = {isa = PBXBuildFile; fileRef = 2B66A64E1B997797002A5AA5 /* libMBProgressHUD.a */; };
		2B66A6531B997B57002A5AA5 /* Public.m in Sources */ = {isa = PBXBuildFile; fileRef = 2B66A6521B997B57002A5AA5 /* Public.m */; };
		2B66A6551B997EA2002A5AA5 /* libSDWebImage.a in Frameworks */ = {isa = PBXBuildFile; fileRef = 2B66A6541B997EA2002A5AA5 /* libSDWebImage.a */; };
		2B66A6591B99986B002A5AA5 /* icon.bundle in Resources */ = {isa = PBXBuildFile; fileRef = 2B66A6581B99986B002A5AA5 /* icon.bundle */; };
		2B6ECB321B982EB600E3DD29 /* NetworkTool.m in Sources */ = {isa = PBXBuildFile; fileRef = 2B6ECB301B982EB600E3DD29 /* NetworkTool.m */; };
		2B6ECB381B982EC300E3DD29 /* DetailsController.m in Sources */ = {isa = PBXBuildFile; fileRef = 2B6ECB351B982EC300E3DD29 /* DetailsController.m */; };
		2B6ECB391B982EC300E3DD29 /* HomeViewController.m in Sources */ = {isa = PBXBuildFile; fileRef = 2B6ECB371B982EC300E3DD29 /* HomeViewController.m */; };
		2B6ECB441B982ED200E3DD29 /* HomeHeadView.m in Sources */ = {isa = PBXBuildFile; fileRef = 2B6ECB3B1B982ED200E3DD29 /* HomeHeadView.m */; };
		2B6ECB451B982ED200E3DD29 /* ImageAndTitleView.m in Sources */ = {isa = PBXBuildFile; fileRef = 2B6ECB3D1B982ED200E3DD29 /* ImageAndTitleView.m */; };
		2B6ECB461B982ED200E3DD29 /* LeftView.m in Sources */ = {isa = PBXBuildFile; fileRef = 2B6ECB3F1B982ED200E3DD29 /* LeftView.m */; };
		2B6ECB471B982ED200E3DD29 /* StoriesCell.m in Sources */ = {isa = PBXBuildFile; fileRef = 2B6ECB411B982ED200E3DD29 /* StoriesCell.m */; };
		2B6ECB481B982ED200E3DD29 /* TopView.m in Sources */ = {isa = PBXBuildFile; fileRef = 2B6ECB431B982ED200E3DD29 /* TopView.m */; };
		2B6ECB4B1B982EE400E3DD29 /* JsonModel.m in Sources */ = {isa = PBXBuildFile; fileRef = 2B6ECB4A1B982EE400E3DD29 /* JsonModel.m */; };
		2B6ECB501B982EF300E3DD29 /* ThemeItm.m in Sources */ = {isa = PBXBuildFile; fileRef = 2B6ECB4D1B982EF300E3DD29 /* ThemeItm.m */; };
		2B6ECB511B982EF300E3DD29 /* ThemeType.m in Sources */ = {isa = PBXBuildFile; fileRef = 2B6ECB4F1B982EF300E3DD29 /* ThemeType.m */; };
		2B6ECB581B982EFE00E3DD29 /* ContentList.m in Sources */ = {isa = PBXBuildFile; fileRef = 2B6ECB531B982EFE00E3DD29 /* ContentList.m */; };
		2B6ECB591B982EFE00E3DD29 /* DetailsModel.m in Sources */ = {isa = PBXBuildFile; fileRef = 2B6ECB551B982EFE00E3DD29 /* DetailsModel.m */; };
		2B6ECB5A1B982EFE00E3DD29 /* StoriesItm.m in Sources */ = {isa = PBXBuildFile; fileRef = 2B6ECB571B982EFE00E3DD29 /* StoriesItm.m */; };
		2BDAB2881B972088000ADE68 /* main.m in Sources */ = {isa = PBXBuildFile; fileRef = 2BDAB2871B972088000ADE68 /* main.m */; };
		2BDAB28B1B972088000ADE68 /* AppDelegate.m in Sources */ = {isa = PBXBuildFile; fileRef = 2BDAB28A1B972088000ADE68 /* AppDelegate.m */; };
		2BDAB2911B972088000ADE68 /* Main.storyboard in Resources */ = {isa = PBXBuildFile; fileRef = 2BDAB28F1B972088000ADE68 /* Main.storyboard */; };
		2BDAB2931B972088000ADE68 /* Images.xcassets in Resources */ = {isa = PBXBuildFile; fileRef = 2BDAB2921B972088000ADE68 /* Images.xcassets */; };
		2BDAB2961B972088000ADE68 /* LaunchScreen.xib in Resources */ = {isa = PBXBuildFile; fileRef = 2BDAB2941B972088000ADE68 /* LaunchScreen.xib */; };
		2BDAB2A21B972088000ADE68 /* LBzhihuTests.m in Sources */ = {isa = PBXBuildFile; fileRef = 2BDAB2A11B972088000ADE68 /* LBzhihuTests.m */; };
		2BDE042F1B99A3AB00913B3A /* libMJRefresh.a in Frameworks */ = {isa = PBXBuildFile; fileRef = 2BDE042E1B99A3AB00913B3A /* libMJRefresh.a */; };
		5E27AA14E00A841F19FA6F56 /* libPods.a in Frameworks */ = {isa = PBXBuildFile; fileRef = 76C49D7F64AA8AE65B29E078 /* libPods.a */; };
/* End PBXBuildFile section */

/* Begin PBXContainerItemProxy section */
		2BDAB29C1B972088000ADE68 /* PBXContainerItemProxy */ = {
			isa = PBXContainerItemProxy;
			containerPortal = 2BDAB27A1B972088000ADE68 /* Project object */;
			proxyType = 1;
			remoteGlobalIDString = 2BDAB2811B972088000ADE68;
			remoteInfo = LBzhihu;
		};
/* End PBXContainerItemProxy section */

/* Begin PBXFileReference section */
		2B0336B01B974E56008A22A0 /* Reveal.framework */ = {isa = PBXFileReference; lastKnownFileType = wrapper.framework; path = Reveal.framework; sourceTree = "<group>"; };
		2B4B84911B9AA8E20099FDDA /* UIButton+Badge.h */ = {isa = PBXFileReference; fileEncoding = 4; lastKnownFileType = sourcecode.c.h; name = "UIButton+Badge.h"; path = "Othere/UIButton+Badge.h"; sourceTree = "<group>"; };
		2B4B84921B9AA8E20099FDDA /* UIButton+Badge.m */ = {isa = PBXFileReference; fileEncoding = 4; lastKnownFileType = sourcecode.c.objc; name = "UIButton+Badge.m"; path = "Othere/UIButton+Badge.m"; sourceTree = "<group>"; };
		2B6606601B9A99F300D87BD9 /* DetailsInfo.h */ = {isa = PBXFileReference; fileEncoding = 4; lastKnownFileType = sourcecode.c.h; path = DetailsInfo.h; sourceTree = "<group>"; };
		2B6606611B9A99F300D87BD9 /* DetailsInfo.m */ = {isa = PBXFileReference; fileEncoding = 4; lastKnownFileType = sourcecode.c.objc; path = DetailsInfo.m; sourceTree = "<group>"; };
		2B66A64E1B997797002A5AA5 /* libMBProgressHUD.a */ = {isa = PBXFileReference; lastKnownFileType = archive.ar; name = libMBProgressHUD.a; path = "Pods/../build/Debug-iphoneos/libMBProgressHUD.a"; sourceTree = "<group>"; };
		2B66A6521B997B57002A5AA5 /* Public.m */ = {isa = PBXFileReference; fileEncoding = 4; lastKnownFileType = sourcecode.c.objc; name = Public.m; path = Othere/Public.m; sourceTree = "<group>"; };
		2B66A6541B997EA2002A5AA5 /* libSDWebImage.a */ = {isa = PBXFileReference; lastKnownFileType = archive.ar; name = libSDWebImage.a; path = "Pods/../build/Debug-iphoneos/libSDWebImage.a"; sourceTree = "<group>"; };
		2B66A6581B99986B002A5AA5 /* icon.bundle */ = {isa = PBXFileReference; lastKnownFileType = "wrapper.plug-in"; path = icon.bundle; sourceTree = "<group>"; };
		2B6ECB2F1B982EB600E3DD29 /* NetworkTool.h */ = {isa = PBXFileReference; fileEncoding = 4; lastKnownFileType = sourcecode.c.h; name = NetworkTool.h; path = Othere/NetworkTool.h; sourceTree = "<group>"; };
		2B6ECB301B982EB600E3DD29 /* NetworkTool.m */ = {isa = PBXFileReference; fileEncoding = 4; lastKnownFileType = sourcecode.c.objc; name = NetworkTool.m; path = Othere/NetworkTool.m; sourceTree = "<group>"; };
		2B6ECB341B982EC300E3DD29 /* DetailsController.h */ = {isa = PBXFileReference; fileEncoding = 4; lastKnownFileType = sourcecode.c.h; name = DetailsController.h; path = Controller/DetailsController.h; sourceTree = "<group>"; };
		2B6ECB351B982EC300E3DD29 /* DetailsController.m */ = {isa = PBXFileReference; fileEncoding = 4; lastKnownFileType = sourcecode.c.objc; name = DetailsController.m; path = Controller/DetailsController.m; sourceTree = "<group>"; };
		2B6ECB361B982EC300E3DD29 /* HomeViewController.h */ = {isa = PBXFileReference; fileEncoding = 4; lastKnownFileType = sourcecode.c.h; name = HomeViewController.h; path = Controller/HomeViewController.h; sourceTree = "<group>"; };
		2B6ECB371B982EC300E3DD29 /* HomeViewController.m */ = {isa = PBXFileReference; fileEncoding = 4; lastKnownFileType = sourcecode.c.objc; name = HomeViewController.m; path = Controller/HomeViewController.m; sourceTree = "<group>"; };
		2B6ECB3A1B982ED200E3DD29 /* HomeHeadView.h */ = {isa = PBXFileReference; fileEncoding = 4; lastKnownFileType = sourcecode.c.h; name = HomeHeadView.h; path = Views/HomeHeadView.h; sourceTree = "<group>"; };
		2B6ECB3B1B982ED200E3DD29 /* HomeHeadView.m */ = {isa = PBXFileReference; fileEncoding = 4; lastKnownFileType = sourcecode.c.objc; name = HomeHeadView.m; path = Views/HomeHeadView.m; sourceTree = "<group>"; };
		2B6ECB3C1B982ED200E3DD29 /* ImageAndTitleView.h */ = {isa = PBXFileReference; fileEncoding = 4; lastKnownFileType = sourcecode.c.h; name = ImageAndTitleView.h; path = Views/ImageAndTitleView.h; sourceTree = "<group>"; };
		2B6ECB3D1B982ED200E3DD29 /* ImageAndTitleView.m */ = {isa = PBXFileReference; fileEncoding = 4; lastKnownFileType = sourcecode.c.objc; name = ImageAndTitleView.m; path = Views/ImageAndTitleView.m; sourceTree = "<group>"; };
		2B6ECB3E1B982ED200E3DD29 /* LeftView.h */ = {isa = PBXFileReference; fileEncoding = 4; lastKnownFileType = sourcecode.c.h; name = LeftView.h; path = Views/LeftView.h; sourceTree = "<group>"; };
		2B6ECB3F1B982ED200E3DD29 /* LeftView.m */ = {isa = PBXFileReference; fileEncoding = 4; lastKnownFileType = sourcecode.c.objc; name = LeftView.m; path = Views/LeftView.m; sourceTree = "<group>"; };
		2B6ECB401B982ED200E3DD29 /* StoriesCell.h */ = {isa = PBXFileReference; fileEncoding = 4; lastKnownFileType = sourcecode.c.h; name = StoriesCell.h; path = Views/StoriesCell.h; sourceTree = "<group>"; };
		2B6ECB411B982ED200E3DD29 /* StoriesCell.m */ = {isa = PBXFileReference; fileEncoding = 4; lastKnownFileType = sourcecode.c.objc; name = StoriesCell.m; path = Views/StoriesCell.m; sourceTree = "<group>"; };
		2B6ECB421B982ED200E3DD29 /* TopView.h */ = {isa = PBXFileReference; fileEncoding = 4; lastKnownFileType = sourcecode.c.h; name = TopView.h; path = Views/TopView.h; sourceTree = "<group>"; };
		2B6ECB431B982ED200E3DD29 /* TopView.m */ = {isa = PBXFileReference; fileEncoding = 4; lastKnownFileType = sourcecode.c.objc; name = TopView.m; path = Views/TopView.m; sourceTree = "<group>"; };
		2B6ECB491B982EE400E3DD29 /* JsonModel.h */ = {isa = PBXFileReference; fileEncoding = 4; lastKnownFileType = sourcecode.c.h; name = JsonModel.h; path = Model/JsonModel.h; sourceTree = "<group>"; };
		2B6ECB4A1B982EE400E3DD29 /* JsonModel.m */ = {isa = PBXFileReference; fileEncoding = 4; lastKnownFileType = sourcecode.c.objc; name = JsonModel.m; path = Model/JsonModel.m; sourceTree = "<group>"; };
		2B6ECB4C1B982EF300E3DD29 /* ThemeItm.h */ = {isa = PBXFileReference; fileEncoding = 4; lastKnownFileType = sourcecode.c.h; name = ThemeItm.h; path = "Model/话题/ThemeItm.h"; sourceTree = "<group>"; };
		2B6ECB4D1B982EF300E3DD29 /* ThemeItm.m */ = {isa = PBXFileReference; fileEncoding = 4; lastKnownFileType = sourcecode.c.objc; name = ThemeItm.m; path = "Model/话题/ThemeItm.m"; sourceTree = "<group>"; };
		2B6ECB4E1B982EF300E3DD29 /* ThemeType.h */ = {isa = PBXFileReference; fileEncoding = 4; lastKnownFileType = sourcecode.c.h; name = ThemeType.h; path = "Model/话题/ThemeType.h"; sourceTree = "<group>"; };
		2B6ECB4F1B982EF300E3DD29 /* ThemeType.m */ = {isa = PBXFileReference; fileEncoding = 4; lastKnownFileType = sourcecode.c.objc; name = ThemeType.m; path = "Model/话题/ThemeType.m"; sourceTree = "<group>"; };
		2B6ECB521B982EFE00E3DD29 /* ContentList.h */ = {isa = PBXFileReference; fileEncoding = 4; lastKnownFileType = sourcecode.c.h; name = ContentList.h; path = "Model/内容/ContentList.h"; sourceTree = "<group>"; };
		2B6ECB531B982EFE00E3DD29 /* ContentList.m */ = {isa = PBXFileReference; fileEncoding = 4; lastKnownFileType = sourcecode.c.objc; name = ContentList.m; path = "Model/内容/ContentList.m"; sourceTree = "<group>"; };
		2B6ECB541B982EFE00E3DD29 /* DetailsModel.h */ = {isa = PBXFileReference; fileEncoding = 4; lastKnownFileType = sourcecode.c.h; name = DetailsModel.h; path = "Model/内容/DetailsModel.h"; sourceTree = "<group>"; };
		2B6ECB551B982EFE00E3DD29 /* DetailsModel.m */ = {isa = PBXFileReference; fileEncoding = 4; lastKnownFileType = sourcecode.c.objc; name = DetailsModel.m; path = "Model/内容/DetailsModel.m"; sourceTree = "<group>"; };
		2B6ECB561B982EFE00E3DD29 /* StoriesItm.h */ = {isa = PBXFileReference; fileEncoding = 4; lastKnownFileType = sourcecode.c.h; name = StoriesItm.h; path = "Model/内容/StoriesItm.h"; sourceTree = "<group>"; };
		2B6ECB571B982EFE00E3DD29 /* StoriesItm.m */ = {isa = PBXFileReference; fileEncoding = 4; lastKnownFileType = sourcecode.c.objc; name = StoriesItm.m; path = "Model/内容/StoriesItm.m"; sourceTree = "<group>"; };
		2BCB672A1B9ACA840046E417 /* libpop.a */ = {isa = PBXFileReference; lastKnownFileType = archive.ar; name = libpop.a; path = "Pods/../build/Debug-iphoneos/libpop.a"; sourceTree = "<group>"; };
		2BCB672C1B9ACBA40046E417 /* libpop.a */ = {isa = PBXFileReference; lastKnownFileType = archive.ar; name = libpop.a; path = "Pods/../build/Debug-iphoneos/libpop.a"; sourceTree = "<group>"; };
		2BDAB2821B972088000ADE68 /* LBzhihu.app */ = {isa = PBXFileReference; explicitFileType = wrapper.application; includeInIndex = 0; path = LBzhihu.app; sourceTree = BUILT_PRODUCTS_DIR; };
		2BDAB2861B972088000ADE68 /* Info.plist */ = {isa = PBXFileReference; lastKnownFileType = text.plist.xml; path = Info.plist; sourceTree = "<group>"; };
		2BDAB2871B972088000ADE68 /* main.m */ = {isa = PBXFileReference; lastKnownFileType = sourcecode.c.objc; path = main.m; sourceTree = "<group>"; };
		2BDAB2891B972088000ADE68 /* AppDelegate.h */ = {isa = PBXFileReference; lastKnownFileType = sourcecode.c.h; path = AppDelegate.h; sourceTree = "<group>"; };
		2BDAB28A1B972088000ADE68 /* AppDelegate.m */ = {isa = PBXFileReference; lastKnownFileType = sourcecode.c.objc; path = AppDelegate.m; sourceTree = "<group>"; };
		2BDAB2901B972088000ADE68 /* Base */ = {isa = PBXFileReference; lastKnownFileType = file.storyboard; name = Base; path = Base.lproj/Main.storyboard; sourceTree = "<group>"; };
		2BDAB2921B972088000ADE68 /* Images.xcassets */ = {isa = PBXFileReference; lastKnownFileType = folder.assetcatalog; path = Images.xcassets; sourceTree = "<group>"; };
		2BDAB2951B972088000ADE68 /* Base */ = {isa = PBXFileReference; lastKnownFileType = file.xib; name = Base; path = Base.lproj/LaunchScreen.xib; sourceTree = "<group>"; };
		2BDAB29B1B972088000ADE68 /* LBzhihuTests.xctest */ = {isa = PBXFileReference; explicitFileType = wrapper.cfbundle; includeInIndex = 0; path = LBzhihuTests.xctest; sourceTree = BUILT_PRODUCTS_DIR; };
		2BDAB2A01B972088000ADE68 /* Info.plist */ = {isa = PBXFileReference; lastKnownFileType = text.plist.xml; path = Info.plist; sourceTree = "<group>"; };
		2BDAB2A11B972088000ADE68 /* LBzhihuTests.m */ = {isa = PBXFileReference; lastKnownFileType = sourcecode.c.objc; path = LBzhihuTests.m; sourceTree = "<group>"; };
		2BDE042E1B99A3AB00913B3A /* libMJRefresh.a */ = {isa = PBXFileReference; lastKnownFileType = archive.ar; name = libMJRefresh.a; path = "Pods/../build/Debug-iphoneos/libMJRefresh.a"; sourceTree = "<group>"; };
		76C49D7F64AA8AE65B29E078 /* libPods.a */ = {isa = PBXFileReference; explicitFileType = archive.ar; includeInIndex = 0; path = libPods.a; sourceTree = BUILT_PRODUCTS_DIR; };
		B67BD3748431F132A66D08F7 /* Pods.debug.xcconfig */ = {isa = PBXFileReference; includeInIndex = 1; lastKnownFileType = text.xcconfig; name = Pods.debug.xcconfig; path = "Pods/Target Support Files/Pods/Pods.debug.xcconfig"; sourceTree = "<group>"; };
		DB23DBB086DD58D327D9B1F0 /* Pods.release.xcconfig */ = {isa = PBXFileReference; includeInIndex = 1; lastKnownFileType = text.xcconfig; name = Pods.release.xcconfig; path = "Pods/Target Support Files/Pods/Pods.release.xcconfig"; sourceTree = "<group>"; };
/* End PBXFileReference section */

/* Begin PBXFrameworksBuildPhase section */
		2BDAB27F1B972088000ADE68 /* Frameworks */ = {
			isa = PBXFrameworksBuildPhase;
			buildActionMask = 2147483647;
			files = (
				2BDE042F1B99A3AB00913B3A /* libMJRefresh.a in Frameworks */,
				2B66A6551B997EA2002A5AA5 /* libSDWebImage.a in Frameworks */,
				2B66A64F1B997797002A5AA5 /* libMBProgressHUD.a in Frameworks */,
				5E27AA14E00A841F19FA6F56 /* libPods.a in Frameworks */,
			);
			runOnlyForDeploymentPostprocessing = 0;
		};
		2BDAB2981B972088000ADE68 /* Frameworks */ = {
			isa = PBXFrameworksBuildPhase;
			buildActionMask = 2147483647;
			files = (
			);
			runOnlyForDeploymentPostprocessing = 0;
		};
/* End PBXFrameworksBuildPhase section */

/* Begin PBXGroup section */
		03B35840B8B27C1E51912D4A /* Frameworks */ = {
			isa = PBXGroup;
			children = (
				2BCB672C1B9ACBA40046E417 /* libpop.a */,
				2BCB672A1B9ACA840046E417 /* libpop.a */,
				2BDE042E1B99A3AB00913B3A /* libMJRefresh.a */,
				2B66A6541B997EA2002A5AA5 /* libSDWebImage.a */,
				2B66A64E1B997797002A5AA5 /* libMBProgressHUD.a */,
				76C49D7F64AA8AE65B29E078 /* libPods.a */,
			);
			name = Frameworks;
			sourceTree = "<group>";
		};
		2B0336511B972105008A22A0 /* Controller */ = {
			isa = PBXGroup;
			children = (
				2B6ECB341B982EC300E3DD29 /* DetailsController.h */,
				2B6ECB351B982EC300E3DD29 /* DetailsController.m */,
				2B6ECB361B982EC300E3DD29 /* HomeViewController.h */,
				2B6ECB371B982EC300E3DD29 /* HomeViewController.m */,
			);
			name = Controller;
			sourceTree = "<group>";
		};
		2B0336551B972124008A22A0 /* Model */ = {
			isa = PBXGroup;
			children = (
				2B6ECB491B982EE400E3DD29 /* JsonModel.h */,
				2B6ECB4A1B982EE400E3DD29 /* JsonModel.m */,
				2B0336A01B97304F008A22A0 /* 内容 */,
				2B03365F1B972133008A22A0 /* 话题 */,
			);
			name = Model;
			sourceTree = "<group>";
		};
		2B03365F1B972133008A22A0 /* 话题 */ = {
			isa = PBXGroup;
			children = (
				2B6ECB4C1B982EF300E3DD29 /* ThemeItm.h */,
				2B6ECB4D1B982EF300E3DD29 /* ThemeItm.m */,
				2B6ECB4E1B982EF300E3DD29 /* ThemeType.h */,
				2B6ECB4F1B982EF300E3DD29 /* ThemeType.m */,
			);
			name = "话题";
			sourceTree = "<group>";
		};
		2B0336601B972142008A22A0 /* Views */ = {
			isa = PBXGroup;
			children = (
				2B6ECB3A1B982ED200E3DD29 /* HomeHeadView.h */,
				2B6ECB3B1B982ED200E3DD29 /* HomeHeadView.m */,
				2B6ECB3C1B982ED200E3DD29 /* ImageAndTitleView.h */,
				2B6ECB3D1B982ED200E3DD29 /* ImageAndTitleView.m */,
				2B6ECB3E1B982ED200E3DD29 /* LeftView.h */,
				2B6ECB3F1B982ED200E3DD29 /* LeftView.m */,
				2B6ECB401B982ED200E3DD29 /* StoriesCell.h */,
				2B6ECB411B982ED200E3DD29 /* StoriesCell.m */,
				2B6ECB421B982ED200E3DD29 /* TopView.h */,
				2B6ECB431B982ED200E3DD29 /* TopView.m */,
			);
			name = Views;
			sourceTree = "<group>";
		};
		2B03366A1B972160008A22A0 /* Other */ = {
			isa = PBXGroup;
			children = (
				2B66A6581B99986B002A5AA5 /* icon.bundle */,
				2B66A6521B997B57002A5AA5 /* Public.m */,
				2B6ECB2F1B982EB600E3DD29 /* NetworkTool.h */,
				2B6ECB301B982EB600E3DD29 /* NetworkTool.m */,
				2B4B84911B9AA8E20099FDDA /* UIButton+Badge.h */,
				2B4B84921B9AA8E20099FDDA /* UIButton+Badge.m */,
			);
			name = Other;
			sourceTree = "<group>";
		};
		2B0336A01B97304F008A22A0 /* 内容 */ = {
			isa = PBXGroup;
			children = (
				2B6ECB541B982EFE00E3DD29 /* DetailsModel.h */,
				2B6ECB551B982EFE00E3DD29 /* DetailsModel.m */,
				2B6ECB521B982EFE00E3DD29 /* ContentList.h */,
				2B6ECB531B982EFE00E3DD29 /* ContentList.m */,
				2B6ECB561B982EFE00E3DD29 /* StoriesItm.h */,
				2B6ECB571B982EFE00E3DD29 /* StoriesItm.m */,
				2B6606601B9A99F300D87BD9 /* DetailsInfo.h */,
				2B6606611B9A99F300D87BD9 /* DetailsInfo.m */,
			);
			name = "内容";
			sourceTree = "<group>";
		};
		2BDAB2791B972088000ADE68 = {
			isa = PBXGroup;
			children = (
				2BDAB2841B972088000ADE68 /* LBzhihu */,
				2BDAB29E1B972088000ADE68 /* LBzhihuTests */,
				2BDAB2831B972088000ADE68 /* Products */,
				7626BDC6A18E2309CD39471F /* Pods */,
				03B35840B8B27C1E51912D4A /* Frameworks */,
			);
			sourceTree = "<group>";
		};
		2BDAB2831B972088000ADE68 /* Products */ = {
			isa = PBXGroup;
			children = (
				2BDAB2821B972088000ADE68 /* LBzhihu.app */,
				2BDAB29B1B972088000ADE68 /* LBzhihuTests.xctest */,
			);
			name = Products;
			sourceTree = "<group>";
		};
		2BDAB2841B972088000ADE68 /* LBzhihu */ = {
			isa = PBXGroup;
			children = (
				2B03366A1B972160008A22A0 /* Other */,
				2B0336511B972105008A22A0 /* Controller */,
				2B0336601B972142008A22A0 /* Views */,
				2B0336551B972124008A22A0 /* Model */,
				2BDAB2891B972088000ADE68 /* AppDelegate.h */,
				2BDAB28A1B972088000ADE68 /* AppDelegate.m */,
				2BDAB28F1B972088000ADE68 /* Main.storyboard */,
				2BDAB2921B972088000ADE68 /* Images.xcassets */,
				2BDAB2941B972088000ADE68 /* LaunchScreen.xib */,
				2BDAB2851B972088000ADE68 /* Supporting Files */,
			);
			path = LBzhihu;
			sourceTree = "<group>";
		};
		2BDAB2851B972088000ADE68 /* Supporting Files */ = {
			isa = PBXGroup;
			children = (
				2B0336B01B974E56008A22A0 /* Reveal.framework */,
				2BDAB2861B972088000ADE68 /* Info.plist */,
				2BDAB2871B972088000ADE68 /* main.m */,
			);
			name = "Supporting Files";
			sourceTree = "<group>";
		};
		2BDAB29E1B972088000ADE68 /* LBzhihuTests */ = {
			isa = PBXGroup;
			children = (
				2BDAB2A11B972088000ADE68 /* LBzhihuTests.m */,
				2BDAB29F1B972088000ADE68 /* Supporting Files */,
			);
			path = LBzhihuTests;
			sourceTree = "<group>";
		};
		2BDAB29F1B972088000ADE68 /* Supporting Files */ = {
			isa = PBXGroup;
			children = (
				2BDAB2A01B972088000ADE68 /* Info.plist */,
			);
			name = "Supporting Files";
			sourceTree = "<group>";
		};
		7626BDC6A18E2309CD39471F /* Pods */ = {
			isa = PBXGroup;
			children = (
				B67BD3748431F132A66D08F7 /* Pods.debug.xcconfig */,
				DB23DBB086DD58D327D9B1F0 /* Pods.release.xcconfig */,
			);
			name = Pods;
			sourceTree = "<group>";
		};
/* End PBXGroup section */

/* Begin PBXNativeTarget section */
		2BDAB2811B972088000ADE68 /* LBzhihu */ = {
			isa = PBXNativeTarget;
			buildConfigurationList = 2BDAB2A51B972088000ADE68 /* Build configuration list for PBXNativeTarget "LBzhihu" */;
			buildPhases = (
				7112E64D3A0E89115791C16F /* Check Pods Manifest.lock */,
				2BDAB27E1B972088000ADE68 /* Sources */,
				2BDAB27F1B972088000ADE68 /* Frameworks */,
				2BDAB2801B972088000ADE68 /* Resources */,
				4ACBE27C0F27147150E452BB /* Copy Pods Resources */,
			);
			buildRules = (
			);
			dependencies = (
			);
			name = LBzhihu;
			productName = LBzhihu;
			productReference = 2BDAB2821B972088000ADE68 /* LBzhihu.app */;
			productType = "com.apple.product-type.application";
		};
		2BDAB29A1B972088000ADE68 /* LBzhihuTests */ = {
			isa = PBXNativeTarget;
			buildConfigurationList = 2BDAB2A81B972088000ADE68 /* Build configuration list for PBXNativeTarget "LBzhihuTests" */;
			buildPhases = (
				2BDAB2971B972088000ADE68 /* Sources */,
				2BDAB2981B972088000ADE68 /* Frameworks */,
				2BDAB2991B972088000ADE68 /* Resources */,
			);
			buildRules = (
			);
			dependencies = (
				2BDAB29D1B972088000ADE68 /* PBXTargetDependency */,
			);
			name = LBzhihuTests;
			productName = LBzhihuTests;
			productReference = 2BDAB29B1B972088000ADE68 /* LBzhihuTests.xctest */;
			productType = "com.apple.product-type.bundle.unit-test";
		};
/* End PBXNativeTarget section */

/* Begin PBXProject section */
		2BDAB27A1B972088000ADE68 /* Project object */ = {
			isa = PBXProject;
			attributes = {
				LastUpgradeCheck = 0640;
				ORGANIZATIONNAME = "李波";
				TargetAttributes = {
					2BDAB2811B972088000ADE68 = {
						CreatedOnToolsVersion = 6.4;
						DevelopmentTeam = K6ZRY2Q4AZ;
					};
					2BDAB29A1B972088000ADE68 = {
						CreatedOnToolsVersion = 6.4;
						TestTargetID = 2BDAB2811B972088000ADE68;
					};
				};
			};
			buildConfigurationList = 2BDAB27D1B972088000ADE68 /* Build configuration list for PBXProject "LBzhihu" */;
			compatibilityVersion = "Xcode 3.2";
			developmentRegion = English;
			hasScannedForEncodings = 0;
			knownRegions = (
				en,
				Base,
			);
			mainGroup = 2BDAB2791B972088000ADE68;
			productRefGroup = 2BDAB2831B972088000ADE68 /* Products */;
			projectDirPath = "";
			projectRoot = "";
			targets = (
				2BDAB2811B972088000ADE68 /* LBzhihu */,
				2BDAB29A1B972088000ADE68 /* LBzhihuTests */,
			);
		};
/* End PBXProject section */

/* Begin PBXResourcesBuildPhase section */
		2BDAB2801B972088000ADE68 /* Resources */ = {
			isa = PBXResourcesBuildPhase;
			buildActionMask = 2147483647;
			files = (
				2B66A6591B99986B002A5AA5 /* icon.bundle in Resources */,
				2BDAB2911B972088000ADE68 /* Main.storyboard in Resources */,
				2BDAB2961B972088000ADE68 /* LaunchScreen.xib in Resources */,
				2BDAB2931B972088000ADE68 /* Images.xcassets in Resources */,
			);
			runOnlyForDeploymentPostprocessing = 0;
		};
		2BDAB2991B972088000ADE68 /* Resources */ = {
			isa = PBXResourcesBuildPhase;
			buildActionMask = 2147483647;
			files = (
			);
			runOnlyForDeploymentPostprocessing = 0;
		};
/* End PBXResourcesBuildPhase section */

/* Begin PBXShellScriptBuildPhase section */
		4ACBE27C0F27147150E452BB /* Copy Pods Resources */ = {
			isa = PBXShellScriptBuildPhase;
			buildActionMask = 2147483647;
			files = (
			);
			inputPaths = (
			);
			name = "Copy Pods Resources";
			outputPaths = (
			);
			runOnlyForDeploymentPostprocessing = 0;
			shellPath = /bin/sh;
			shellScript = "\"${SRCROOT}/Pods/Target Support Files/Pods/Pods-resources.sh\"\n";
			showEnvVarsInLog = 0;
		};
		7112E64D3A0E89115791C16F /* Check Pods Manifest.lock */ = {
			isa = PBXShellScriptBuildPhase;
			buildActionMask = 2147483647;
			files = (
			);
			inputPaths = (
			);
			name = "Check Pods Manifest.lock";
			outputPaths = (
			);
			runOnlyForDeploymentPostprocessing = 0;
			shellPath = /bin/sh;
			shellScript = "diff \"${PODS_ROOT}/../Podfile.lock\" \"${PODS_ROOT}/Manifest.lock\" > /dev/null\nif [[ $? != 0 ]] ; then\n    cat << EOM\nerror: The sandbox is not in sync with the Podfile.lock. Run 'pod install' or update your CocoaPods installation.\nEOM\n    exit 1\nfi\n";
			showEnvVarsInLog = 0;
		};
/* End PBXShellScriptBuildPhase section */

/* Begin PBXSourcesBuildPhase section */
		2BDAB27E1B972088000ADE68 /* Sources */ = {
			isa = PBXSourcesBuildPhase;
			buildActionMask = 2147483647;
			files = (
				2B6ECB591B982EFE00E3DD29 /* DetailsModel.m in Sources */,
				2B4B84931B9AA8E20099FDDA /* UIButton+Badge.m in Sources */,
				2B6ECB381B982EC300E3DD29 /* DetailsController.m in Sources */,
				2B6ECB321B982EB600E3DD29 /* NetworkTool.m in Sources */,
				2B6ECB471B982ED200E3DD29 /* StoriesCell.m in Sources */,
				2BDAB28B1B972088000ADE68 /* AppDelegate.m in Sources */,
				2B6ECB451B982ED200E3DD29 /* ImageAndTitleView.m in Sources */,
				2B6ECB461B982ED200E3DD29 /* LeftView.m in Sources */,
				2B66A6531B997B57002A5AA5 /* Public.m in Sources */,
				2B6606621B9A99F300D87BD9 /* DetailsInfo.m in Sources */,
				2B6ECB581B982EFE00E3DD29 /* ContentList.m in Sources */,
				2BDAB2881B972088000ADE68 /* main.m in Sources */,
				2B6ECB441B982ED200E3DD29 /* HomeHeadView.m in Sources */,
				2B6ECB5A1B982EFE00E3DD29 /* StoriesItm.m in Sources */,
				2B6ECB511B982EF300E3DD29 /* ThemeType.m in Sources */,
				2B6ECB4B1B982EE400E3DD29 /* JsonModel.m in Sources */,
				2B6ECB391B982EC300E3DD29 /* HomeViewController.m in Sources */,
				2B6ECB481B982ED200E3DD29 /* TopView.m in Sources */,
				2B6ECB501B982EF300E3DD29 /* ThemeItm.m in Sources */,
			);
			runOnlyForDeploymentPostprocessing = 0;
		};
		2BDAB2971B972088000ADE68 /* Sources */ = {
			isa = PBXSourcesBuildPhase;
			buildActionMask = 2147483647;
			files = (
				2BDAB2A21B972088000ADE68 /* LBzhihuTests.m in Sources */,
			);
			runOnlyForDeploymentPostprocessing = 0;
		};
/* End PBXSourcesBuildPhase section */

/* Begin PBXTargetDependency section */
		2BDAB29D1B972088000ADE68 /* PBXTargetDependency */ = {
			isa = PBXTargetDependency;
			target = 2BDAB2811B972088000ADE68 /* LBzhihu */;
			targetProxy = 2BDAB29C1B972088000ADE68 /* PBXContainerItemProxy */;
		};
/* End PBXTargetDependency section */

/* Begin PBXVariantGroup section */
		2BDAB28F1B972088000ADE68 /* Main.storyboard */ = {
			isa = PBXVariantGroup;
			children = (
				2BDAB2901B972088000ADE68 /* Base */,
			);
			name = Main.storyboard;
			sourceTree = "<group>";
		};
		2BDAB2941B972088000ADE68 /* LaunchScreen.xib */ = {
			isa = PBXVariantGroup;
			children = (
				2BDAB2951B972088000ADE68 /* Base */,
			);
			name = LaunchScreen.xib;
			sourceTree = "<group>";
		};
/* End PBXVariantGroup section */

/* Begin XCBuildConfiguration section */
		2BDAB2A31B972088000ADE68 /* Debug */ = {
			isa = XCBuildConfiguration;
			buildSettings = {
				ALWAYS_SEARCH_USER_PATHS = NO;
				CLANG_CXX_LANGUAGE_STANDARD = "gnu++0x";
				CLANG_CXX_LIBRARY = "libc++";
				CLANG_ENABLE_MODULES = YES;
				CLANG_ENABLE_OBJC_ARC = YES;
				CLANG_WARN_BOOL_CONVERSION = YES;
				CLANG_WARN_CONSTANT_CONVERSION = YES;
				CLANG_WARN_DIRECT_OBJC_ISA_USAGE = YES_ERROR;
				CLANG_WARN_EMPTY_BODY = YES;
				CLANG_WARN_ENUM_CONVERSION = YES;
				CLANG_WARN_INT_CONVERSION = YES;
				CLANG_WARN_OBJC_ROOT_CLASS = YES_ERROR;
				CLANG_WARN_UNREACHABLE_CODE = YES;
				CLANG_WARN__DUPLICATE_METHOD_MATCH = YES;
				"CODE_SIGN_IDENTITY[sdk=iphoneos*]" = "iPhone Developer";
				COPY_PHASE_STRIP = NO;
				DEBUG_INFORMATION_FORMAT = "dwarf-with-dsym";
				ENABLE_STRICT_OBJC_MSGSEND = YES;
				GCC_C_LANGUAGE_STANDARD = gnu99;
				GCC_DYNAMIC_NO_PIC = NO;
				GCC_NO_COMMON_BLOCKS = YES;
				GCC_OPTIMIZATION_LEVEL = 0;
				GCC_PREPROCESSOR_DEFINITIONS = (
					"DEBUG=1",
					"$(inherited)",
				);
				GCC_SYMBOLS_PRIVATE_EXTERN = NO;
				GCC_WARN_64_TO_32_BIT_CONVERSION = YES;
				GCC_WARN_ABOUT_RETURN_TYPE = YES_ERROR;
				GCC_WARN_UNDECLARED_SELECTOR = YES;
				GCC_WARN_UNINITIALIZED_AUTOS = YES_AGGRESSIVE;
				GCC_WARN_UNUSED_FUNCTION = YES;
				GCC_WARN_UNUSED_VARIABLE = YES;
				IPHONEOS_DEPLOYMENT_TARGET = 8.4;
				MTL_ENABLE_DEBUG_INFO = YES;
				ONLY_ACTIVE_ARCH = YES;
				SDKROOT = iphoneos;
				TARGETED_DEVICE_FAMILY = "1,2";
			};
			name = Debug;
		};
		2BDAB2A41B972088000ADE68 /* Release */ = {
			isa = XCBuildConfiguration;
			buildSettings = {
				ALWAYS_SEARCH_USER_PATHS = NO;
				CLANG_CXX_LANGUAGE_STANDARD = "gnu++0x";
				CLANG_CXX_LIBRARY = "libc++";
				CLANG_ENABLE_MODULES = YES;
				CLANG_ENABLE_OBJC_ARC = YES;
				CLANG_WARN_BOOL_CONVERSION = YES;
				CLANG_WARN_CONSTANT_CONVERSION = YES;
				CLANG_WARN_DIRECT_OBJC_ISA_USAGE = YES_ERROR;
				CLANG_WARN_EMPTY_BODY = YES;
				CLANG_WARN_ENUM_CONVERSION = YES;
				CLANG_WARN_INT_CONVERSION = YES;
				CLANG_WARN_OBJC_ROOT_CLASS = YES_ERROR;
				CLANG_WARN_UNREACHABLE_CODE = YES;
				CLANG_WARN__DUPLICATE_METHOD_MATCH = YES;
				"CODE_SIGN_IDENTITY[sdk=iphoneos*]" = "iPhone Developer";
				COPY_PHASE_STRIP = NO;
				DEBUG_INFORMATION_FORMAT = "dwarf-with-dsym";
				ENABLE_NS_ASSERTIONS = NO;
				ENABLE_STRICT_OBJC_MSGSEND = YES;
				GCC_C_LANGUAGE_STANDARD = gnu99;
				GCC_NO_COMMON_BLOCKS = YES;
				GCC_WARN_64_TO_32_BIT_CONVERSION = YES;
				GCC_WARN_ABOUT_RETURN_TYPE = YES_ERROR;
				GCC_WARN_UNDECLARED_SELECTOR = YES;
				GCC_WARN_UNINITIALIZED_AUTOS = YES_AGGRESSIVE;
				GCC_WARN_UNUSED_FUNCTION = YES;
				GCC_WARN_UNUSED_VARIABLE = YES;
				IPHONEOS_DEPLOYMENT_TARGET = 8.4;
				MTL_ENABLE_DEBUG_INFO = NO;
				SDKROOT = iphoneos;
				TARGETED_DEVICE_FAMILY = "1,2";
				VALIDATE_PRODUCT = YES;
			};
			name = Release;
		};
		2BDAB2A61B972088000ADE68 /* Debug */ = {
			isa = XCBuildConfiguration;
			baseConfigurationReference = B67BD3748431F132A66D08F7 /* Pods.debug.xcconfig */;
			buildSettings = {
				ASSETCATALOG_COMPILER_APPICON_NAME = AppIcon;
				CODE_SIGN_IDENTITY = "iPhone Developer";
				FRAMEWORK_SEARCH_PATHS = (
					"$(inherited)",
					"$(PROJECT_DIR)/LBzhihu",
				);
				INFOPLIST_FILE = LBzhihu/Info.plist;
				LD_RUNPATH_SEARCH_PATHS = "$(inherited) @executable_path/Frameworks";
				LIBRARY_SEARCH_PATHS = (
					"$(inherited)",
					"$(PROJECT_DIR)/build/Debug-iphoneos",
				);
				OTHER_LDFLAGS = "-ObjC";
				PRODUCT_NAME = "$(TARGET_NAME)";
			};
			name = Debug;
		};
		2BDAB2A71B972088000ADE68 /* Release */ = {
			isa = XCBuildConfiguration;
			baseConfigurationReference = DB23DBB086DD58D327D9B1F0 /* Pods.release.xcconfig */;
			buildSettings = {
				ASSETCATALOG_COMPILER_APPICON_NAME = AppIcon;
				CODE_SIGN_IDENTITY = "iPhone Developer";
				FRAMEWORK_SEARCH_PATHS = (
					"$(inherited)",
					"$(PROJECT_DIR)/LBzhihu",
				);
				INFOPLIST_FILE = LBzhihu/Info.plist;
				LD_RUNPATH_SEARCH_PATHS = "$(inherited) @executable_path/Frameworks";
				LIBRARY_SEARCH_PATHS = (
					"$(inherited)",
					"$(PROJECT_DIR)/build/Debug-iphoneos",
				);
				OTHER_LDFLAGS = "-ObjC";
				PRODUCT_NAME = "$(TARGET_NAME)";
			};
			name = Release;
		};
		2BDAB2A91B972088000ADE68 /* Debug */ = {
			isa = XCBuildConfiguration;
			buildSettings = {
				BUNDLE_LOADER = "$(TEST_HOST)";
				FRAMEWORK_SEARCH_PATHS = (
					"$(SDKROOT)/Developer/Library/Frameworks",
					"$(inherited)",
				);
				GCC_PREPROCESSOR_DEFINITIONS = (
					"DEBUG=1",
					"$(inherited)",
				);
				INFOPLIST_FILE = LBzhihuTests/Info.plist;
				LD_RUNPATH_SEARCH_PATHS = "$(inherited) @executable_path/Frameworks @loader_path/Frameworks";
				PRODUCT_NAME = "$(TARGET_NAME)";
				TEST_HOST = "$(BUILT_PRODUCTS_DIR)/LBzhihu.app/LBzhihu";
			};
			name = Debug;
		};
		2BDAB2AA1B972088000ADE68 /* Release */ = {
			isa = XCBuildConfiguration;
			buildSettings = {
				BUNDLE_LOADER = "$(TEST_HOST)";
				FRAMEWORK_SEARCH_PATHS = (
					"$(SDKROOT)/Developer/Library/Frameworks",
					"$(inherited)",
				);
				INFOPLIST_FILE = LBzhihuTests/Info.plist;
				LD_RUNPATH_SEARCH_PATHS = "$(inherited) @executable_path/Frameworks @loader_path/Frameworks";
				PRODUCT_NAME = "$(TARGET_NAME)";
				TEST_HOST = "$(BUILT_PRODUCTS_DIR)/LBzhihu.app/LBzhihu";
			};
			name = Release;
		};
/* End XCBuildConfiguration section */

/* Begin XCConfigurationList section */
		2BDAB27D1B972088000ADE68 /* Build configuration list for PBXProject "LBzhihu" */ = {
			isa = XCConfigurationList;
			buildConfigurations = (
				2BDAB2A31B972088000ADE68 /* Debug */,
				2BDAB2A41B972088000ADE68 /* Release */,
			);
			defaultConfigurationIsVisible = 0;
			defaultConfigurationName = Release;
		};
		2BDAB2A51B972088000ADE68 /* Build configuration list for PBXNativeTarget "LBzhihu" */ = {
			isa = XCConfigurationList;
			buildConfigurations = (
				2BDAB2A61B972088000ADE68 /* Debug */,
				2BDAB2A71B972088000ADE68 /* Release */,
			);
			defaultConfigurationIsVisible = 0;
			defaultConfigurationName = Release;
		};
		2BDAB2A81B972088000ADE68 /* Build configuration list for PBXNativeTarget "LBzhihuTests" */ = {
			isa = XCConfigurationList;
			buildConfigurations = (
				2BDAB2A91B972088000ADE68 /* Debug */,
				2BDAB2AA1B972088000ADE68 /* Release */,
			);
			defaultConfigurationIsVisible = 0;
			defaultConfigurationName = Release;
		};
/* End XCConfigurationList section */
	};
	rootObject = 2BDAB27A1B972088000ADE68 /* Project object */;
}
